
Microsoft Visual Studio Solution File, Format Version 12.00
# Visual Studio Version 17
VisualStudioVersion = 17.6.33801.468
MinimumVisualStudioVersion = 10.0.40219.1
Project("{2150E333-8FDC-42A3-9474-1A3956D46DE8}") = "Application", "Application", "{2003E29F-56B2-4715-B754-D41C0AE723FF}"
EndProject
Project("{2150E333-8FDC-42A3-9474-1A3956D46DE8}") = "Core", "Core", "{DBAB6CBC-C554-4276-9BA5-49F413255E3E}"
EndProject
Project("{2150E333-8FDC-42A3-9474-1A3956D46DE8}") = "Data", "Data", "{7140545B-C5B7-4C45-9205-B15864270CA0}"
EndProject
Project("{9A19103F-16F7-4668-BE54-9A1E7A4F7556}") = "SelfServices", "SelfServices\SelfServices.csproj", "{57ED21D0-7E53-401C-912A-E31AB65151F1}"
EndProject
Project("{9A19103F-16F7-4668-BE54-9A1E7A4F7556}") = "DTO", "DTO\DTO.csproj", "{1632A8AF-83D6-45B6-9E92-D24F0ACC3A57}"
EndProject
Project("{9A19103F-16F7-4668-BE54-9A1E7A4F7556}") = "Entity", "Entity\Entity.csproj", "{BC699211-A72C-475E-ACCE-21ADA0D7D86E}"
EndProject
Project("{9A19103F-16F7-4668-BE54-9A1E7A4F7556}") = "Repository", "Repository\Repository.csproj", "{7360A3F9-75E4-4802-B403-0D82F8CBF934}"
EndProject
Project("{9A19103F-16F7-4668-BE54-9A1E7A4F7556}") = "API", "API\API.csproj", "{4F9CB324-4F0A-4115-AA9C-282934C878D8}"
EndProject
Project("{FAE04EC0-301F-11D3-BF4B-00C04F79EFBC}") = "Connecter", "Connecter\Connecter.csproj", "{84B11895-5DA7-4667-90CA-FFDABCB5DA95}"
EndProject
Global
	GlobalSection(SolutionConfigurationPlatforms) = preSolution
		Debug|Any CPU = Debug|Any CPU
		Release|Any CPU = Release|Any CPU
	EndGlobalSection
	GlobalSection(ProjectConfigurationPlatforms) = postSolution
		{57ED21D0-7E53-401C-912A-E31AB65151F1}.Debug|Any CPU.ActiveCfg = Debug|Any CPU
		{57ED21D0-7E53-401C-912A-E31AB65151F1}.Debug|Any CPU.Build.0 = Debug|Any CPU
		{57ED21D0-7E53-401C-912A-E31AB65151F1}.Release|Any CPU.ActiveCfg = Release|Any CPU
		{57ED21D0-7E53-401C-912A-E31AB65151F1}.Release|Any CPU.Build.0 = Release|Any CPU
		{1632A8AF-83D6-45B6-9E92-D24F0ACC3A57}.Debug|Any CPU.ActiveCfg = Debug|Any CPU
		{1632A8AF-83D6-45B6-9E92-D24F0ACC3A57}.Debug|Any CPU.Build.0 = Debug|Any CPU
		{1632A8AF-83D6-45B6-9E92-D24F0ACC3A57}.Release|Any CPU.ActiveCfg = Release|Any CPU
		{1632A8AF-83D6-45B6-9E92-D24F0ACC3A57}.Release|Any CPU.Build.0 = Release|Any CPU
		{BC699211-A72C-475E-ACCE-21ADA0D7D86E}.Debug|Any CPU.ActiveCfg = Debug|Any CPU
		{BC699211-A72C-475E-ACCE-21ADA0D7D86E}.Debug|Any CPU.Build.0 = Debug|Any CPU
		{BC699211-A72C-475E-ACCE-21ADA0D7D86E}.Release|Any CPU.ActiveCfg = Release|Any CPU
		{BC699211-A72C-475E-ACCE-21ADA0D7D86E}.Release|Any CPU.Build.0 = Release|Any CPU
		{7360A3F9-75E4-4802-B403-0D82F8CBF934}.Debug|Any CPU.ActiveCfg = Debug|Any CPU
		{7360A3F9-75E4-4802-B403-0D82F8CBF934}.Debug|Any CPU.Build.0 = Debug|Any CPU
		{7360A3F9-75E4-4802-B403-0D82F8CBF934}.Release|Any CPU.ActiveCfg = Release|Any CPU
		{7360A3F9-75E4-4802-B403-0D82F8CBF934}.Release|Any CPU.Build.0 = Release|Any CPU
		{4F9CB324-4F0A-4115-AA9C-282934C878D8}.Debug|Any CPU.ActiveCfg = Debug|Any CPU
		{4F9CB324-4F0A-4115-AA9C-282934C878D8}.Debug|Any CPU.Build.0 = Debug|Any CPU
		{4F9CB324-4F0A-4115-AA9C-282934C878D8}.Release|Any CPU.ActiveCfg = Release|Any CPU
		{4F9CB324-4F0A-4115-AA9C-282934C878D8}.Release|Any CPU.Build.0 = Release|Any CPU
		{84B11895-5DA7-4667-90CA-FFDABCB5DA95}.Debug|Any CPU.ActiveCfg = Debug|Any CPU
		{84B11895-5DA7-4667-90CA-FFDABCB5DA95}.Debug|Any CPU.Build.0 = Debug|Any CPU
		{84B11895-5DA7-4667-90CA-FFDABCB5DA95}.Release|Any CPU.ActiveCfg = Release|Any CPU
		{84B11895-5DA7-4667-90CA-FFDABCB5DA95}.Release|Any CPU.Build.0 = Release|Any CPU
	EndGlobalSection
	GlobalSection(SolutionProperties) = preSolution
		HideSolutionNode = FALSE
	EndGlobalSection
	GlobalSection(NestedProjects) = preSolution
		{57ED21D0-7E53-401C-912A-E31AB65151F1} = {2003E29F-56B2-4715-B754-D41C0AE723FF}
		{1632A8AF-83D6-45B6-9E92-D24F0ACC3A57} = {DBAB6CBC-C554-4276-9BA5-49F413255E3E}
		{BC699211-A72C-475E-ACCE-21ADA0D7D86E} = {DBAB6CBC-C554-4276-9BA5-49F413255E3E}
		{7360A3F9-75E4-4802-B403-0D82F8CBF934} = {7140545B-C5B7-4C45-9205-B15864270CA0}
		{4F9CB324-4F0A-4115-AA9C-282934C878D8} = {2003E29F-56B2-4715-B754-D41C0AE723FF}
		{84B11895-5DA7-4667-90CA-FFDABCB5DA95} = {7140545B-C5B7-4C45-9205-B15864270CA0}
	EndGlobalSection
	GlobalSection(ExtensibilityGlobals) = postSolution
		SolutionGuid = {E47CAF4B-B411-42D6-A799-848CE20D12E4}
	EndGlobalSection
EndGlobal
